
Microsoft Visual Studio Solution File, Format Version 12.00
# Visual Studio Version 17
VisualStudioVersion = 17.5.002.0
MinimumVisualStudioVersion = 10.0.40219.1
Project("{9A19103F-16F7-4668-BE54-9A1E7A4F7556}") = "CarvedRock-Aspire.AppHost", "CarvedRock-Aspire.AppHost.csproj", "{F30BF711-C361-4128-9091-38F0698A535B}"
EndProject
Global
	GlobalSection(SolutionConfigurationPlatforms) = preSolution
		Debug|Any CPU = Debug|Any CPU
		Release|Any CPU = Release|Any CPU
	EndGlobalSection
	GlobalSection(ProjectConfigurationPlatforms) = postSolution
		{F30BF711-C361-4128-9091-38F0698A535B}.Debug|Any CPU.ActiveCfg = Debug|Any CPU
		{F30BF711-C361-4128-9091-38F0698A535B}.Debug|Any CPU.Build.0 = Debug|Any CPU
		{F30BF711-C361-4128-9091-38F0698A535B}.Release|Any CPU.ActiveCfg = Release|Any CPU
		{F30BF711-C361-4128-9091-38F0698A535B}.Release|Any CPU.Build.0 = Release|Any CPU
	EndGlobalSection
	GlobalSection(SolutionProperties) = preSolution
		HideSolutionNode = FALSE
	EndGlobalSection
	GlobalSection(ExtensibilityGlobals) = postSolution
		SolutionGuid = {51EDE1A0-EC99-420B-9820-E292084D5F20}
	EndGlobalSection
EndGlobal
